
Microsoft Visual Studio Solution File, Format Version 12.00
# Visual Studio Version 17
VisualStudioVersion = 17.9.34902.65
MinimumVisualStudioVersion = 10.0.40219.1
Project("{9A19103F-16F7-4668-BE54-9A1E7A4F7556}") = "MultServicesWorker", "Worker\MultServicesWorker.csproj", "{DDAF00E3-8C2A-47A7-87D2-6971B89D6D8C}"
EndProject
Global
	GlobalSection(SolutionConfigurationPlatforms) = preSolution
		Debug|Any CPU = Debug|Any CPU
		Release|Any CPU = Release|Any CPU
	EndGlobalSection
	GlobalSection(ProjectConfigurationPlatforms) = postSolution
		{DDAF00E3-8C2A-47A7-87D2-6971B89D6D8C}.Debug|Any CPU.ActiveCfg = Debug|Any CPU
		{DDAF00E3-8C2A-47A7-87D2-6971B89D6D8C}.Debug|Any CPU.Build.0 = Debug|Any CPU
		{DDAF00E3-8C2A-47A7-87D2-6971B89D6D8C}.Release|Any CPU.ActiveCfg = Release|Any CPU
		{DDAF00E3-8C2A-47A7-87D2-6971B89D6D8C}.Release|Any CPU.Build.0 = Release|Any CPU
	EndGlobalSection
	GlobalSection(SolutionProperties) = preSolution
		HideSolutionNode = FALSE
	EndGlobalSection
	GlobalSection(ExtensibilityGlobals) = postSolution
		SolutionGuid = {2232B963-FCFB-4EA0-A875-A5A306D6F94A}
	EndGlobalSection
EndGlobal
